{
  "name": "pypostboy",
  "lockfileVersion": 3,
  "requires": true,
  "packages": {
    "": {
      "dependencies": {
        "lucide-react": "file:frontend/vendor/lucide-react",
        "react": "file:frontend/vendor/react",
        "react-dom": "file:frontend/vendor/react-dom",
        "vite": "^5.4.21"
      },
      "devDependencies": {}
    },
    "frontend/vendor/lucide-react": {
      "version": "0.468.0",
      "dependencies": {
        "react": "file:../react"
      }
    },
    "frontend/vendor/react": {
      "version": "19.1.1"
    },
    "frontend/vendor/react-dom": {
      "version": "19.1.1"
    },
    "node_modules/lucide-react": {
      "resolved": "frontend/vendor/lucide-react",
      "link": true
    },
    "node_modules/react": {
      "resolved": "frontend/vendor/react",
      "link": true
    },
    "node_modules/react-dom": {
      "resolved": "frontend/vendor/react-dom",
      "link": true
    },
    "node_modules/vite": {
      "version": "5.4.21",
      "resolved": "https://registry.npmjs.org/vite/-/vite-5.4.21.tgz",
      "integrity": "sha512-o5a9xKjbtuhY6Bi5S3+HvbRERmouabWbyUcpXXUA1u+GNUKoROi9byOJ8M0nHbHYHkYICiMlqxkg1KkYmm25Sw==",
      "bin": {
        "vite": "bin/vite.js"
      },
      "engines": {
        "node": "^18.0.0 || >=20.0.0"
      },
      "funding": {
        "url": "https://github.com/vitejs/vite?sponsor=1"
      }
    }
  }
}
